<Solution>
  <Folder Name="/APIGateway/">
    <Project Path="APIGateway/API.Gateway/API.Gateway.csproj" Id="054388e2-8a45-4bb8-8b81-1d0d3864b38a" />
  </Folder>
  <Folder Name="/AuthenticationAPI/">
    <Project Path="AuthenticationAPI/Authentication.API/Authentication.API.csproj" Id="74314b7b-7cad-4408-81e7-440516ba903f" />
  </Folder>
  <Folder Name="/BuildingBlocks/" />
  <Folder Name="/BuildingBlocks/BuildingBlocksExceptions/">
    <Project Path="BuildingBlocks/BuildingBlocksExceptions/BuildingBlocks.Exceptions/BuildingBlocks.Exceptions.csproj" Id="5691304f-2da2-48ea-b0b1-b9da0a946e3f" />
  </Folder>
  <Folder Name="/BuildingBlocks/BuildingBlocksLogging/">
    <Project Path="BuildingBlocks/BuildingBlocksLogging/BuildingBlocks.Logging/BuildingBlocks.Logging.csproj" Id="15d6e4a0-84c4-434f-90c6-71198cc5aa1c" />
  </Folder>
  <Folder Name="/EmailNotificationWebHook/">
    <Project Path="EmailNotificationWebHook/EmailNotification.WebHook/EmailNotification.WebHook.csproj" />
  </Folder>
  <Folder Name="/OrderAPI/">
    <Project Path="OrderAPI/Order.API/Order.API.csproj" />
  </Folder>
  <Folder Name="/ProductAPI/">
    <Project Path="ProductAPI/Product.API/Product.API.csproj" />
  </Folder>
  <Folder Name="/SharedData/">
    <Project Path="SharedData/Shared.Data/Shared.Data.csproj" />
  </Folder>
</Solution>
